
Microsoft Visual Studio Solution File, Format Version 12.00
# Visual Studio Version 17
VisualStudioVersion = 17.9.34902.65
MinimumVisualStudioVersion = 10.0.40219.1
Project("{FAE04EC0-301F-11D3-BF4B-00C04F79EFBC}") = "MauiApp5", "MauiApp5\MauiApp5.csproj", "{29942680-C65D-4BC3-A732-3ACE75AA2D0B}"
EndProject
Global
	GlobalSection(SolutionConfigurationPlatforms) = preSolution
		Debug|Any CPU = Debug|Any CPU
		Release|Any CPU = Release|Any CPU
	EndGlobalSection
	GlobalSection(ProjectConfigurationPlatforms) = postSolution
		{29942680-C65D-4BC3-A732-3ACE75AA2D0B}.Debug|Any CPU.ActiveCfg = Debug|Any CPU
		{29942680-C65D-4BC3-A732-3ACE75AA2D0B}.Debug|Any CPU.Build.0 = Debug|Any CPU
		{29942680-C65D-4BC3-A732-3ACE75AA2D0B}.Debug|Any CPU.Deploy.0 = Debug|Any CPU
		{29942680-C65D-4BC3-A732-3ACE75AA2D0B}.Release|Any CPU.ActiveCfg = Release|Any CPU
		{29942680-C65D-4BC3-A732-3ACE75AA2D0B}.Release|Any CPU.Build.0 = Release|Any CPU
		{29942680-C65D-4BC3-A732-3ACE75AA2D0B}.Release|Any CPU.Deploy.0 = Release|Any CPU
	EndGlobalSection
	GlobalSection(SolutionProperties) = preSolution
		HideSolutionNode = FALSE
	EndGlobalSection
	GlobalSection(ExtensibilityGlobals) = postSolution
		SolutionGuid = {6C494BFD-2A4B-464B-9259-8185660CA2CA}
	EndGlobalSection
EndGlobal
